PODS:
  - ImagePickerHelper (1.0.2)

DEPENDENCIES:
  - ImagePickerHelper (from `../`)

EXTERNAL SOURCES:
  ImagePickerHelper:
    :path: "../"

SPEC CHECKSUMS:
  ImagePickerHelper: fcf8f1ca97d709de5fbbea47edd9de1510796009

PODFILE CHECKSUM: 1c2214b38e6dc343d5ed5efc3ae196b09e52b5a3

COCOAPODS: 1.7.2
